PODS:
  - Kingfisher (4.10.1)
  - SideMenu (5.0.1)

DEPENDENCIES:
  - Kingfisher (= 4.10.1)
  - SideMenu (= 5.0.1)

SPEC REPOS:
  https://github.com/cocoapods/specs.git:
    - Kingfisher
    - SideMenu

SPEC CHECKSUMS:
  Kingfisher: c148cd7b47ebde9989f6bc7c27dcaa79d81279a0
  SideMenu: 87efd943737bb83aedf0358884d09fcf5576636d

PODFILE CHECKSUM: 98c1bd4b683acdf76cfa28a87c56d51d32c86019

COCOAPODS: 1.5.3
