PODS:
  - SideMenu (5.0.1)
  - SwiftSVG (2.3.2)

DEPENDENCIES:
  - SideMenu (= 5.0.1)
  - SwiftSVG (~> 2.0)

SPEC REPOS:
  https://github.com/cocoapods/specs.git:
    - SideMenu
    - SwiftSVG

SPEC CHECKSUMS:
  SideMenu: 87efd943737bb83aedf0358884d09fcf5576636d
  SwiftSVG: ca7f64e403b8ea7ea8eba8c823b83ba4a059834c

PODFILE CHECKSUM: 8687a2a69d7b06419b21e4b477f915a13c1e858a

COCOAPODS: 1.5.3
