PODS:
  - Kingfisher (5.12.0):
    - Kingfisher/Core (= 5.12.0)
  - Kingfisher/Core (5.12.0)
  - SideMenu (6.4.7)

DEPENDENCIES:
  - Kingfisher
  - SideMenu

SPEC REPOS:
  https://github.com/cocoapods/specs.git:
    - Kingfisher
    - SideMenu

SPEC CHECKSUMS:
  Kingfisher: dc6e0f53bb5b12c3e75bedb0e01bbd7a640eea69
  SideMenu: 928a015669c3afc201e1fe3a87f1b0bc8993a664

PODFILE CHECKSUM: 18359816da68e554a74ee52f246e72581f76e10a

COCOAPODS: 1.5.3
