// !$*UTF8*$!
{
	archiveVersion = 1;
	classes = {
	};
	objectVersion = 50;
	objects = {

/* Begin PBXBuildFile section */
		0C0531CA23A67E9A00D299F0 /* PlayerListCell.swift in Sources */ = {isa = PBXBuildFile; fileRef = 0C0531C823A67E9A00D299F0 /* PlayerListCell.swift */; };
		0C0531CB23A67E9A00D299F0 /* PlayerListCell.xib in Resources */ = {isa = PBXBuildFile; fileRef = 0C0531C923A67E9A00D299F0 /* PlayerListCell.xib */; };
		0C0531CE23A67ECC00D299F0 /* PlayerListViewModel.swift in Sources */ = {isa = PBXBuildFile; fileRef = 0C0531CD23A67ECC00D299F0 /* PlayerListViewModel.swift */; };
		0C0531D223A6D44F00D299F0 /* Player.swift in Sources */ = {isa = PBXBuildFile; fileRef = 0C0531D123A6D44F00D299F0 /* Player.swift */; };
		0C0531D523A6DB7B00D299F0 /* PlayerListDataSource.swift in Sources */ = {isa = PBXBuildFile; fileRef = 0C0531D423A6DB7B00D299F0 /* PlayerListDataSource.swift */; };
		0C0531D723A84C6700D299F0 /* Team.swift in Sources */ = {isa = PBXBuildFile; fileRef = 0C0531D623A84C6700D299F0 /* Team.swift */; };
		0C0531DB23A855B300D299F0 /* MenuViewController.swift in Sources */ = {isa = PBXBuildFile; fileRef = 0C0531DA23A855B300D299F0 /* MenuViewController.swift */; };
		0C0531DD23A856B500D299F0 /* MenuDataSource.swift in Sources */ = {isa = PBXBuildFile; fileRef = 0C0531DC23A856B500D299F0 /* MenuDataSource.swift */; };
		0CD89D2F23A8771900FA9F5E /* APIClient.swift in Sources */ = {isa = PBXBuildFile; fileRef = 0CD89D2E23A8771900FA9F5E /* APIClient.swift */; };
		0CD89D3123A8773C00FA9F5E /* Result.swift in Sources */ = {isa = PBXBuildFile; fileRef = 0CD89D3023A8773C00FA9F5E /* Result.swift */; };
		0CD89D3323A8775200FA9F5E /* Constants.swift in Sources */ = {isa = PBXBuildFile; fileRef = 0CD89D3223A8775200FA9F5E /* Constants.swift */; };
		0CD89D3523A8787500FA9F5E /* MenuService.swift in Sources */ = {isa = PBXBuildFile; fileRef = 0CD89D3423A8787500FA9F5E /* MenuService.swift */; };
		0CD89D3723A879C200FA9F5E /* MenuViewModel.swift in Sources */ = {isa = PBXBuildFile; fileRef = 0CD89D3623A879C200FA9F5E /* MenuViewModel.swift */; };
		0CE7EA2623A6795F00B33EB6 /* AppDelegate.swift in Sources */ = {isa = PBXBuildFile; fileRef = 0CE7EA2523A6795F00B33EB6 /* AppDelegate.swift */; };
		0CE7EA2823A6795F00B33EB6 /* SceneDelegate.swift in Sources */ = {isa = PBXBuildFile; fileRef = 0CE7EA2723A6795F00B33EB6 /* SceneDelegate.swift */; };
		0CE7EA2A23A6795F00B33EB6 /* PlayerListViewController.swift in Sources */ = {isa = PBXBuildFile; fileRef = 0CE7EA2923A6795F00B33EB6 /* PlayerListViewController.swift */; };
		0CE7EA2D23A6795F00B33EB6 /* Main.storyboard in Resources */ = {isa = PBXBuildFile; fileRef = 0CE7EA2B23A6795F00B33EB6 /* Main.storyboard */; };
		0CE7EA2F23A6796100B33EB6 /* Assets.xcassets in Resources */ = {isa = PBXBuildFile; fileRef = 0CE7EA2E23A6796100B33EB6 /* Assets.xcassets */; };
		0CE7EA3223A6796100B33EB6 /* LaunchScreen.storyboard in Resources */ = {isa = PBXBuildFile; fileRef = 0CE7EA3023A6796100B33EB6 /* LaunchScreen.storyboard */; };
		0CF1D2F923A89E5000A3299A /* MenuCell.swift in Sources */ = {isa = PBXBuildFile; fileRef = 0CF1D2F723A89E5000A3299A /* MenuCell.swift */; };
		0CF1D2FA23A89E5000A3299A /* MenuCell.xib in Resources */ = {isa = PBXBuildFile; fileRef = 0CF1D2F823A89E5000A3299A /* MenuCell.xib */; };
		0CF1D2FC23A8A30500A3299A /* PlayerListService.swift in Sources */ = {isa = PBXBuildFile; fileRef = 0CF1D2FB23A8A30500A3299A /* PlayerListService.swift */; };
		BAA1574AF26138F4E9B81610 /* libPods-hockey.a in Frameworks */ = {isa = PBXBuildFile; fileRef = 0009AA5127087C7BFB34BB56 /* libPods-hockey.a */; };
/* End PBXBuildFile section */

/* Begin PBXFileReference section */
		0009AA5127087C7BFB34BB56 /* libPods-hockey.a */ = {isa = PBXFileReference; explicitFileType = archive.ar; includeInIndex = 0; path = "libPods-hockey.a"; sourceTree = BUILT_PRODUCTS_DIR; };
		0C0531C823A67E9A00D299F0 /* PlayerListCell.swift */ = {isa = PBXFileReference; lastKnownFileType = sourcecode.swift; path = PlayerListCell.swift; sourceTree = "<group>"; };
		0C0531C923A67E9A00D299F0 /* PlayerListCell.xib */ = {isa = PBXFileReference; lastKnownFileType = file.xib; path = PlayerListCell.xib; sourceTree = "<group>"; };
		0C0531CD23A67ECC00D299F0 /* PlayerListViewModel.swift */ = {isa = PBXFileReference; lastKnownFileType = sourcecode.swift; path = PlayerListViewModel.swift; sourceTree = "<group>"; };
		0C0531D123A6D44F00D299F0 /* Player.swift */ = {isa = PBXFileReference; lastKnownFileType = sourcecode.swift; path = Player.swift; sourceTree = "<group>"; };
		0C0531D423A6DB7B00D299F0 /* PlayerListDataSource.swift */ = {isa = PBXFileReference; lastKnownFileType = sourcecode.swift; path = PlayerListDataSource.swift; sourceTree = "<group>"; };
		0C0531D623A84C6700D299F0 /* Team.swift */ = {isa = PBXFileReference; lastKnownFileType = sourcecode.swift; path = Team.swift; sourceTree = "<group>"; };
		0C0531DA23A855B300D299F0 /* MenuViewController.swift */ = {isa = PBXFileReference; lastKnownFileType = sourcecode.swift; path = MenuViewController.swift; sourceTree = "<group>"; };
		0C0531DC23A856B500D299F0 /* MenuDataSource.swift */ = {isa = PBXFileReference; lastKnownFileType = sourcecode.swift; path = MenuDataSource.swift; sourceTree = "<group>"; };
		0CD89D2E23A8771900FA9F5E /* APIClient.swift */ = {isa = PBXFileReference; lastKnownFileType = sourcecode.swift; path = APIClient.swift; sourceTree = "<group>"; };
		0CD89D3023A8773C00FA9F5E /* Result.swift */ = {isa = PBXFileReference; lastKnownFileType = sourcecode.swift; path = Result.swift; sourceTree = "<group>"; };
		0CD89D3223A8775200FA9F5E /* Constants.swift */ = {isa = PBXFileReference; lastKnownFileType = sourcecode.swift; path = Constants.swift; sourceTree = "<group>"; };
		0CD89D3423A8787500FA9F5E /* MenuService.swift */ = {isa = PBXFileReference; lastKnownFileType = sourcecode.swift; path = MenuService.swift; sourceTree = "<group>"; };
		0CD89D3623A879C200FA9F5E /* MenuViewModel.swift */ = {isa = PBXFileReference; lastKnownFileType = sourcecode.swift; path = MenuViewModel.swift; sourceTree = "<group>"; };
		0CE7EA2223A6795F00B33EB6 /* hockey.app */ = {isa = PBXFileReference; explicitFileType = wrapper.application; includeInIndex = 0; path = hockey.app; sourceTree = BUILT_PRODUCTS_DIR; };
		0CE7EA2523A6795F00B33EB6 /* AppDelegate.swift */ = {isa = PBXFileReference; lastKnownFileType = sourcecode.swift; path = AppDelegate.swift; sourceTree = "<group>"; };
		0CE7EA2723A6795F00B33EB6 /* SceneDelegate.swift */ = {isa = PBXFileReference; lastKnownFileType = sourcecode.swift; path = SceneDelegate.swift; sourceTree = "<group>"; };
		0CE7EA2923A6795F00B33EB6 /* PlayerListViewController.swift */ = {isa = PBXFileReference; lastKnownFileType = sourcecode.swift; path = PlayerListViewController.swift; sourceTree = "<group>"; };
		0CE7EA2C23A6795F00B33EB6 /* Base */ = {isa = PBXFileReference; lastKnownFileType = file.storyboard; name = Base; path = Base.lproj/Main.storyboard; sourceTree = "<group>"; };
		0CE7EA2E23A6796100B33EB6 /* Assets.xcassets */ = {isa = PBXFileReference; lastKnownFileType = folder.assetcatalog; path = Assets.xcassets; sourceTree = "<group>"; };
		0CE7EA3123A6796100B33EB6 /* Base */ = {isa = PBXFileReference; lastKnownFileType = file.storyboard; name = Base; path = Base.lproj/LaunchScreen.storyboard; sourceTree = "<group>"; };
		0CE7EA3323A6796100B33EB6 /* Info.plist */ = {isa = PBXFileReference; lastKnownFileType = text.plist.xml; path = Info.plist; sourceTree = "<group>"; };
		0CF1D2F723A89E5000A3299A /* MenuCell.swift */ = {isa = PBXFileReference; lastKnownFileType = sourcecode.swift; path = MenuCell.swift; sourceTree = "<group>"; };
		0CF1D2F823A89E5000A3299A /* MenuCell.xib */ = {isa = PBXFileReference; lastKnownFileType = file.xib; path = MenuCell.xib; sourceTree = "<group>"; };
		0CF1D2FB23A8A30500A3299A /* PlayerListService.swift */ = {isa = PBXFileReference; lastKnownFileType = sourcecode.swift; path = PlayerListService.swift; sourceTree = "<group>"; };
		7484D441774820992A8395A6 /* Pods-hockey.debug.xcconfig */ = {isa = PBXFileReference; includeInIndex = 1; lastKnownFileType = text.xcconfig; name = "Pods-hockey.debug.xcconfig"; path = "Pods/Target Support Files/Pods-hockey/Pods-hockey.debug.xcconfig"; sourceTree = "<group>"; };
		90AF09BB95C72E634508301D /* Pods-hockey.release.xcconfig */ = {isa = PBXFileReference; includeInIndex = 1; lastKnownFileType = text.xcconfig; name = "Pods-hockey.release.xcconfig"; path = "Pods/Target Support Files/Pods-hockey/Pods-hockey.release.xcconfig"; sourceTree = "<group>"; };
/* End PBXFileReference section */

/* Begin PBXFrameworksBuildPhase section */
		0CE7EA1F23A6795F00B33EB6 /* Frameworks */ = {
			isa = PBXFrameworksBuildPhase;
			buildActionMask = 2147483647;
			files = (
				BAA1574AF26138F4E9B81610 /* libPods-hockey.a in Frameworks */,
			);
			runOnlyForDeploymentPostprocessing = 0;
		};
/* End PBXFrameworksBuildPhase section */

/* Begin PBXGroup section */
		0C0531C723A67E5D00D299F0 /* PlayerList */ = {
			isa = PBXGroup;
			children = (
				0CE7EA2923A6795F00B33EB6 /* PlayerListViewController.swift */,
				0C0531CD23A67ECC00D299F0 /* PlayerListViewModel.swift */,
				0C0531D423A6DB7B00D299F0 /* PlayerListDataSource.swift */,
				0CF1D2FB23A8A30500A3299A /* PlayerListService.swift */,
				0C0531CC23A67E9E00D299F0 /* Cell */,
			);
			path = PlayerList;
			sourceTree = "<group>";
		};
		0C0531CC23A67E9E00D299F0 /* Cell */ = {
			isa = PBXGroup;
			children = (
				0C0531C823A67E9A00D299F0 /* PlayerListCell.swift */,
				0C0531C923A67E9A00D299F0 /* PlayerListCell.xib */,
			);
			path = Cell;
			sourceTree = "<group>";
		};
		0C0531D323A6D45200D299F0 /* Models */ = {
			isa = PBXGroup;
			children = (
				0C0531D123A6D44F00D299F0 /* Player.swift */,
				0C0531D623A84C6700D299F0 /* Team.swift */,
			);
			path = Models;
			sourceTree = "<group>";
		};
		0C0531D823A8510200D299F0 /* UI */ = {
			isa = PBXGroup;
			children = (
				0C0531D923A8510E00D299F0 /* Menu */,
				0C0531C723A67E5D00D299F0 /* PlayerList */,
			);
			path = UI;
			sourceTree = "<group>";
		};
		0C0531D923A8510E00D299F0 /* Menu */ = {
			isa = PBXGroup;
			children = (
				0C0531DA23A855B300D299F0 /* MenuViewController.swift */,
				0CD89D3623A879C200FA9F5E /* MenuViewModel.swift */,
				0C0531DC23A856B500D299F0 /* MenuDataSource.swift */,
				0CD89D3423A8787500FA9F5E /* MenuService.swift */,
				0CF1D2F623A89E3600A3299A /* Cell */,
			);
			path = Menu;
			sourceTree = "<group>";
		};
		0CD89D2D23A8770300FA9F5E /* Util */ = {
			isa = PBXGroup;
			children = (
				0CD89D3223A8775200FA9F5E /* Constants.swift */,
				0CD89D3023A8773C00FA9F5E /* Result.swift */,
				0CD89D2E23A8771900FA9F5E /* APIClient.swift */,
			);
			path = Util;
			sourceTree = "<group>";
		};
		0CE7EA1923A6795F00B33EB6 = {
			isa = PBXGroup;
			children = (
				0CE7EA2423A6795F00B33EB6 /* hockey */,
				0CE7EA2323A6795F00B33EB6 /* Products */,
				50DA98CC01523FA51E786666 /* Pods */,
				34E479D58C045580705271DF /* Frameworks */,
			);
			sourceTree = "<group>";
		};
		0CE7EA2323A6795F00B33EB6 /* Products */ = {
			isa = PBXGroup;
			children = (
				0CE7EA2223A6795F00B33EB6 /* hockey.app */,
			);
			name = Products;
			sourceTree = "<group>";
		};
		0CE7EA2423A6795F00B33EB6 /* hockey */ = {
			isa = PBXGroup;
			children = (
				0CE7EA2523A6795F00B33EB6 /* AppDelegate.swift */,
				0CE7EA2723A6795F00B33EB6 /* SceneDelegate.swift */,
				0CE7EA2B23A6795F00B33EB6 /* Main.storyboard */,
				0C0531D323A6D45200D299F0 /* Models */,
				0C0531D823A8510200D299F0 /* UI */,
				0CD89D2D23A8770300FA9F5E /* Util */,
				0CE7EA2E23A6796100B33EB6 /* Assets.xcassets */,
				0CE7EA3023A6796100B33EB6 /* LaunchScreen.storyboard */,
				0CE7EA3323A6796100B33EB6 /* Info.plist */,
			);
			path = hockey;
			sourceTree = "<group>";
		};
		0CF1D2F623A89E3600A3299A /* Cell */ = {
			isa = PBXGroup;
			children = (
				0CF1D2F723A89E5000A3299A /* MenuCell.swift */,
				0CF1D2F823A89E5000A3299A /* MenuCell.xib */,
			);
			path = Cell;
			sourceTree = "<group>";
		};
		34E479D58C045580705271DF /* Frameworks */ = {
			isa = PBXGroup;
			children = (
				0009AA5127087C7BFB34BB56 /* libPods-hockey.a */,
			);
			name = Frameworks;
			sourceTree = "<group>";
		};
		50DA98CC01523FA51E786666 /* Pods */ = {
			isa = PBXGroup;
			children = (
				7484D441774820992A8395A6 /* Pods-hockey.debug.xcconfig */,
				90AF09BB95C72E634508301D /* Pods-hockey.release.xcconfig */,
			);
			name = Pods;
			sourceTree = "<group>";
		};
/* End PBXGroup section */

/* Begin PBXNativeTarget section */
		0CE7EA2123A6795F00B33EB6 /* hockey */ = {
			isa = PBXNativeTarget;
			buildConfigurationList = 0CE7EA3623A6796100B33EB6 /* Build configuration list for PBXNativeTarget "hockey" */;
			buildPhases = (
				52BC0FF9380F3D7EBA1A75B6 /* [CP] Check Pods Manifest.lock */,
				0CE7EA1E23A6795F00B33EB6 /* Sources */,
				0CE7EA1F23A6795F00B33EB6 /* Frameworks */,
				0CE7EA2023A6795F00B33EB6 /* Resources */,
			);
			buildRules = (
			);
			dependencies = (
			);
			name = hockey;
			productName = hockey;
			productReference = 0CE7EA2223A6795F00B33EB6 /* hockey.app */;
			productType = "com.apple.product-type.application";
		};
/* End PBXNativeTarget section */

/* Begin PBXProject section */
		0CE7EA1A23A6795F00B33EB6 /* Project object */ = {
			isa = PBXProject;
			attributes = {
				LastSwiftUpdateCheck = 1130;
				LastUpgradeCheck = 1130;
				ORGANIZATIONNAME = "Haamed Sultani";
				TargetAttributes = {
					0CE7EA2123A6795F00B33EB6 = {
						CreatedOnToolsVersion = 11.3;
					};
				};
			};
			buildConfigurationList = 0CE7EA1D23A6795F00B33EB6 /* Build configuration list for PBXProject "hockey" */;
			compatibilityVersion = "Xcode 9.3";
			developmentRegion = en;
			hasScannedForEncodings = 0;
			knownRegions = (
				en,
				Base,
			);
			mainGroup = 0CE7EA1923A6795F00B33EB6;
			productRefGroup = 0CE7EA2323A6795F00B33EB6 /* Products */;
			projectDirPath = "";
			projectRoot = "";
			targets = (
				0CE7EA2123A6795F00B33EB6 /* hockey */,
			);
		};
/* End PBXProject section */

/* Begin PBXResourcesBuildPhase section */
		0CE7EA2023A6795F00B33EB6 /* Resources */ = {
			isa = PBXResourcesBuildPhase;
			buildActionMask = 2147483647;
			files = (
				0C0531CB23A67E9A00D299F0 /* PlayerListCell.xib in Resources */,
				0CE7EA3223A6796100B33EB6 /* LaunchScreen.storyboard in Resources */,
				0CF1D2FA23A89E5000A3299A /* MenuCell.xib in Resources */,
				0CE7EA2F23A6796100B33EB6 /* Assets.xcassets in Resources */,
				0CE7EA2D23A6795F00B33EB6 /* Main.storyboard in Resources */,
			);
			runOnlyForDeploymentPostprocessing = 0;
		};
/* End PBXResourcesBuildPhase section */

/* Begin PBXShellScriptBuildPhase section */
		52BC0FF9380F3D7EBA1A75B6 /* [CP] Check Pods Manifest.lock */ = {
			isa = PBXShellScriptBuildPhase;
			buildActionMask = 2147483647;
			files = (
			);
			inputFileListPaths = (
			);
			inputPaths = (
				"${PODS_PODFILE_DIR_PATH}/Podfile.lock",
				"${PODS_ROOT}/Manifest.lock",
			);
			name = "[CP] Check Pods Manifest.lock";
			outputFileListPaths = (
			);
			outputPaths = (
				"$(DERIVED_FILE_DIR)/Pods-hockey-checkManifestLockResult.txt",
			);
			runOnlyForDeploymentPostprocessing = 0;
			shellPath = /bin/sh;
			shellScript = "diff \"${PODS_PODFILE_DIR_PATH}/Podfile.lock\" \"${PODS_ROOT}/Manifest.lock\" > /dev/null\nif [ $? != 0 ] ; then\n    # print error to STDERR\n    echo \"error: The sandbox is not in sync with the Podfile.lock. Run 'pod install' or update your CocoaPods installation.\" >&2\n    exit 1\nfi\n# This output is used by Xcode 'outputs' to avoid re-running this script phase.\necho \"SUCCESS\" > \"${SCRIPT_OUTPUT_FILE_0}\"\n";
			showEnvVarsInLog = 0;
		};
/* End PBXShellScriptBuildPhase section */

/* Begin PBXSourcesBuildPhase section */
		0CE7EA1E23A6795F00B33EB6 /* Sources */ = {
			isa = PBXSourcesBuildPhase;
			buildActionMask = 2147483647;
			files = (
				0C0531CA23A67E9A00D299F0 /* PlayerListCell.swift in Sources */,
				0C0531DD23A856B500D299F0 /* MenuDataSource.swift in Sources */,
				0CF1D2FC23A8A30500A3299A /* PlayerListService.swift in Sources */,
				0CE7EA2A23A6795F00B33EB6 /* PlayerListViewController.swift in Sources */,
				0CD89D3723A879C200FA9F5E /* MenuViewModel.swift in Sources */,
				0CE7EA2623A6795F00B33EB6 /* AppDelegate.swift in Sources */,
				0CE7EA2823A6795F00B33EB6 /* SceneDelegate.swift in Sources */,
				0CD89D2F23A8771900FA9F5E /* APIClient.swift in Sources */,
				0CD89D3123A8773C00FA9F5E /* Result.swift in Sources */,
				0CD89D3323A8775200FA9F5E /* Constants.swift in Sources */,
				0C0531DB23A855B300D299F0 /* MenuViewController.swift in Sources */,
				0C0531D723A84C6700D299F0 /* Team.swift in Sources */,
				0C0531D223A6D44F00D299F0 /* Player.swift in Sources */,
				0C0531D523A6DB7B00D299F0 /* PlayerListDataSource.swift in Sources */,
				0CD89D3523A8787500FA9F5E /* MenuService.swift in Sources */,
				0CF1D2F923A89E5000A3299A /* MenuCell.swift in Sources */,
				0C0531CE23A67ECC00D299F0 /* PlayerListViewModel.swift in Sources */,
			);
			runOnlyForDeploymentPostprocessing = 0;
		};
/* End PBXSourcesBuildPhase section */

/* Begin PBXVariantGroup section */
		0CE7EA2B23A6795F00B33EB6 /* Main.storyboard */ = {
			isa = PBXVariantGroup;
			children = (
				0CE7EA2C23A6795F00B33EB6 /* Base */,
			);
			name = Main.storyboard;
			sourceTree = "<group>";
		};
		0CE7EA3023A6796100B33EB6 /* LaunchScreen.storyboard */ = {
			isa = PBXVariantGroup;
			children = (
				0CE7EA3123A6796100B33EB6 /* Base */,
			);
			name = LaunchScreen.storyboard;
			sourceTree = "<group>";
		};
/* End PBXVariantGroup section */

/* Begin XCBuildConfiguration section */
		0CE7EA3423A6796100B33EB6 /* Debug */ = {
			isa = XCBuildConfiguration;
			buildSettings = {
				ALWAYS_SEARCH_USER_PATHS = NO;
				CLANG_ANALYZER_NONNULL = YES;
				CLANG_ANALYZER_NUMBER_OBJECT_CONVERSION = YES_AGGRESSIVE;
				CLANG_CXX_LANGUAGE_STANDARD = "gnu++14";
				CLANG_CXX_LIBRARY = "libc++";
				CLANG_ENABLE_MODULES = YES;
				CLANG_ENABLE_OBJC_ARC = YES;
				CLANG_ENABLE_OBJC_WEAK = YES;
				CLANG_WARN_BLOCK_CAPTURE_AUTORELEASING = YES;
				CLANG_WARN_BOOL_CONVERSION = YES;
				CLANG_WARN_COMMA = YES;
				CLANG_WARN_CONSTANT_CONVERSION = YES;
				CLANG_WARN_DEPRECATED_OBJC_IMPLEMENTATIONS = YES;
				CLANG_WARN_DIRECT_OBJC_ISA_USAGE = YES_ERROR;
				CLANG_WARN_DOCUMENTATION_COMMENTS = YES;
				CLANG_WARN_EMPTY_BODY = YES;
				CLANG_WARN_ENUM_CONVERSION = YES;
				CLANG_WARN_INFINITE_RECURSION = YES;
				CLANG_WARN_INT_CONVERSION = YES;
				CLANG_WARN_NON_LITERAL_NULL_CONVERSION = YES;
				CLANG_WARN_OBJC_IMPLICIT_RETAIN_SELF = YES;
				CLANG_WARN_OBJC_LITERAL_CONVERSION = YES;
				CLANG_WARN_OBJC_ROOT_CLASS = YES_ERROR;
				CLANG_WARN_RANGE_LOOP_ANALYSIS = YES;
				CLANG_WARN_STRICT_PROTOTYPES = YES;
				CLANG_WARN_SUSPICIOUS_MOVE = YES;
				CLANG_WARN_UNGUARDED_AVAILABILITY = YES_AGGRESSIVE;
				CLANG_WARN_UNREACHABLE_CODE = YES;
				CLANG_WARN__DUPLICATE_METHOD_MATCH = YES;
				COPY_PHASE_STRIP = NO;
				DEBUG_INFORMATION_FORMAT = dwarf;
				ENABLE_STRICT_OBJC_MSGSEND = YES;
				ENABLE_TESTABILITY = YES;
				GCC_C_LANGUAGE_STANDARD = gnu11;
				GCC_DYNAMIC_NO_PIC = NO;
				GCC_NO_COMMON_BLOCKS = YES;
				GCC_OPTIMIZATION_LEVEL = 0;
				GCC_PREPROCESSOR_DEFINITIONS = (
					"DEBUG=1",
					"$(inherited)",
				);
				GCC_WARN_64_TO_32_BIT_CONVERSION = YES;
				GCC_WARN_ABOUT_RETURN_TYPE = YES_ERROR;
				GCC_WARN_UNDECLARED_SELECTOR = YES;
				GCC_WARN_UNINITIALIZED_AUTOS = YES_AGGRESSIVE;
				GCC_WARN_UNUSED_FUNCTION = YES;
				GCC_WARN_UNUSED_VARIABLE = YES;
				IPHONEOS_DEPLOYMENT_TARGET = 13.2;
				MTL_ENABLE_DEBUG_INFO = INCLUDE_SOURCE;
				MTL_FAST_MATH = YES;
				ONLY_ACTIVE_ARCH = YES;
				SDKROOT = iphoneos;
				SWIFT_ACTIVE_COMPILATION_CONDITIONS = DEBUG;
				SWIFT_OPTIMIZATION_LEVEL = "-Onone";
			};
			name = Debug;
		};
		0CE7EA3523A6796100B33EB6 /* Release */ = {
			isa = XCBuildConfiguration;
			buildSettings = {
				ALWAYS_SEARCH_USER_PATHS = NO;
				CLANG_ANALYZER_NONNULL = YES;
				CLANG_ANALYZER_NUMBER_OBJECT_CONVERSION = YES_AGGRESSIVE;
				CLANG_CXX_LANGUAGE_STANDARD = "gnu++14";
				CLANG_CXX_LIBRARY = "libc++";
				CLANG_ENABLE_MODULES = YES;
				CLANG_ENABLE_OBJC_ARC = YES;
				CLANG_ENABLE_OBJC_WEAK = YES;
				CLANG_WARN_BLOCK_CAPTURE_AUTORELEASING = YES;
				CLANG_WARN_BOOL_CONVERSION = YES;
				CLANG_WARN_COMMA = YES;
				CLANG_WARN_CONSTANT_CONVERSION = YES;
				CLANG_WARN_DEPRECATED_OBJC_IMPLEMENTATIONS = YES;
				CLANG_WARN_DIRECT_OBJC_ISA_USAGE = YES_ERROR;
				CLANG_WARN_DOCUMENTATION_COMMENTS = YES;
				CLANG_WARN_EMPTY_BODY = YES;
				CLANG_WARN_ENUM_CONVERSION = YES;
				CLANG_WARN_INFINITE_RECURSION = YES;
				CLANG_WARN_INT_CONVERSION = YES;
				CLANG_WARN_NON_LITERAL_NULL_CONVERSION = YES;
				CLANG_WARN_OBJC_IMPLICIT_RETAIN_SELF = YES;
				CLANG_WARN_OBJC_LITERAL_CONVERSION = YES;
				CLANG_WARN_OBJC_ROOT_CLASS = YES_ERROR;
				CLANG_WARN_RANGE_LOOP_ANALYSIS = YES;
				CLANG_WARN_STRICT_PROTOTYPES = YES;
				CLANG_WARN_SUSPICIOUS_MOVE = YES;
				CLANG_WARN_UNGUARDED_AVAILABILITY = YES_AGGRESSIVE;
				CLANG_WARN_UNREACHABLE_CODE = YES;
				CLANG_WARN__DUPLICATE_METHOD_MATCH = YES;
				COPY_PHASE_STRIP = NO;
				DEBUG_INFORMATION_FORMAT = "dwarf-with-dsym";
				ENABLE_NS_ASSERTIONS = NO;
				ENABLE_STRICT_OBJC_MSGSEND = YES;
				GCC_C_LANGUAGE_STANDARD = gnu11;
				GCC_NO_COMMON_BLOCKS = YES;
				GCC_WARN_64_TO_32_BIT_CONVERSION = YES;
				GCC_WARN_ABOUT_RETURN_TYPE = YES_ERROR;
				GCC_WARN_UNDECLARED_SELECTOR = YES;
				GCC_WARN_UNINITIALIZED_AUTOS = YES_AGGRESSIVE;
				GCC_WARN_UNUSED_FUNCTION = YES;
				GCC_WARN_UNUSED_VARIABLE = YES;
				IPHONEOS_DEPLOYMENT_TARGET = 13.2;
				MTL_ENABLE_DEBUG_INFO = NO;
				MTL_FAST_MATH = YES;
				SDKROOT = iphoneos;
				SWIFT_COMPILATION_MODE = wholemodule;
				SWIFT_OPTIMIZATION_LEVEL = "-O";
				VALIDATE_PRODUCT = YES;
			};
			name = Release;
		};
		0CE7EA3723A6796100B33EB6 /* Debug */ = {
			isa = XCBuildConfiguration;
			baseConfigurationReference = 7484D441774820992A8395A6 /* Pods-hockey.debug.xcconfig */;
			buildSettings = {
				ASSETCATALOG_COMPILER_APPICON_NAME = AppIcon;
				CODE_SIGN_STYLE = Automatic;
				DEVELOPMENT_TEAM = HJ64Y9853R;
				INFOPLIST_FILE = hockey/Info.plist;
				IPHONEOS_DEPLOYMENT_TARGET = 13.0;
				LD_RUNPATH_SEARCH_PATHS = (
					"$(inherited)",
					"@executable_path/Frameworks",
				);
				PRODUCT_BUNDLE_IDENTIFIER = com.sultani.hockey;
				PRODUCT_NAME = "$(TARGET_NAME)";
				SWIFT_VERSION = 5.0;
				TARGETED_DEVICE_FAMILY = 1;
			};
			name = Debug;
		};
		0CE7EA3823A6796100B33EB6 /* Release */ = {
			isa = XCBuildConfiguration;
			baseConfigurationReference = 90AF09BB95C72E634508301D /* Pods-hockey.release.xcconfig */;
			buildSettings = {
				ASSETCATALOG_COMPILER_APPICON_NAME = AppIcon;
				CODE_SIGN_STYLE = Automatic;
				DEVELOPMENT_TEAM = HJ64Y9853R;
				INFOPLIST_FILE = hockey/Info.plist;
				IPHONEOS_DEPLOYMENT_TARGET = 13.0;
				LD_RUNPATH_SEARCH_PATHS = (
					"$(inherited)",
					"@executable_path/Frameworks",
				);
				PRODUCT_BUNDLE_IDENTIFIER = com.sultani.hockey;
				PRODUCT_NAME = "$(TARGET_NAME)";
				SWIFT_VERSION = 5.0;
				TARGETED_DEVICE_FAMILY = 1;
			};
			name = Release;
		};
/* End XCBuildConfiguration section */

/* Begin XCConfigurationList section */
		0CE7EA1D23A6795F00B33EB6 /* Build configuration list for PBXProject "hockey" */ = {
			isa = XCConfigurationList;
			buildConfigurations = (
				0CE7EA3423A6796100B33EB6 /* Debug */,
				0CE7EA3523A6796100B33EB6 /* Release */,
			);
			defaultConfigurationIsVisible = 0;
			defaultConfigurationName = Release;
		};
		0CE7EA3623A6796100B33EB6 /* Build configuration list for PBXNativeTarget "hockey" */ = {
			isa = XCConfigurationList;
			buildConfigurations = (
				0CE7EA3723A6796100B33EB6 /* Debug */,
				0CE7EA3823A6796100B33EB6 /* Release */,
			);
			defaultConfigurationIsVisible = 0;
			defaultConfigurationName = Release;
		};
/* End XCConfigurationList section */
	};
	rootObject = 0CE7EA1A23A6795F00B33EB6 /* Project object */;
}
